
Microsoft Visual Studio Solution File, Format Version 12.00
# Visual Studio Version 17
VisualStudioVersion = 17.0.31912.275
MinimumVisualStudioVersion = 10.0.40219.1
Project("{FAE04EC0-301F-11D3-BF4B-00C04F79EFBC}") = "Ejercicio1_Parcial1", "Ejercicio1_Parcial1\Ejercicio1_Parcial1.csproj", "{73AA52FC-E35C-4737-AF7E-0F921F3D65FD}"
EndProject
Global
	GlobalSection(SolutionConfigurationPlatforms) = preSolution
		Debug|Any CPU = Debug|Any CPU
		Release|Any CPU = Release|Any CPU
	EndGlobalSection
	GlobalSection(ProjectConfigurationPlatforms) = postSolution
		{73AA52FC-E35C-4737-AF7E-0F921F3D65FD}.Debug|Any CPU.ActiveCfg = Debug|Any CPU
		{73AA52FC-E35C-4737-AF7E-0F921F3D65FD}.Debug|Any CPU.Build.0 = Debug|Any CPU
		{73AA52FC-E35C-4737-AF7E-0F921F3D65FD}.Release|Any CPU.ActiveCfg = Release|Any CPU
		{73AA52FC-E35C-4737-AF7E-0F921F3D65FD}.Release|Any CPU.Build.0 = Release|Any CPU
	EndGlobalSection
	GlobalSection(SolutionProperties) = preSolution
		HideSolutionNode = FALSE
	EndGlobalSection
	GlobalSection(ExtensibilityGlobals) = postSolution
		SolutionGuid = {DCF0A493-8910-474B-A4B9-4727F9497B7A}
	EndGlobalSection
EndGlobal
